
Microsoft Visual Studio Solution File, Format Version 12.00
# Visual Studio Version 16
VisualStudioVersion = 16.0.31515.178
MinimumVisualStudioVersion = 10.0.40219.1
Project("{9A19103F-16F7-4668-BE54-9A1E7A4F7556}") = "CinemaCSApp", "CinemaCSApp\CinemaCSApp.csproj", "{20B65317-DE86-479D-85D4-E5DA27B4C7FB}"
EndProject
Project("{9A19103F-16F7-4668-BE54-9A1E7A4F7556}") = "CinemaCSApp_Test", "UnitTestProject1\CinemaCSApp_Test.csproj", "{261E5B1D-8062-44CC-8889-972F49D5580C}"
EndProject
Global
	GlobalSection(SolutionConfigurationPlatforms) = preSolution
		Debug|Any CPU = Debug|Any CPU
		Release|Any CPU = Release|Any CPU
	EndGlobalSection
	GlobalSection(ProjectConfigurationPlatforms) = postSolution
		{20B65317-DE86-479D-85D4-E5DA27B4C7FB}.Debug|Any CPU.ActiveCfg = Debug|Any CPU
		{20B65317-DE86-479D-85D4-E5DA27B4C7FB}.Debug|Any CPU.Build.0 = Debug|Any CPU
		{20B65317-DE86-479D-85D4-E5DA27B4C7FB}.Release|Any CPU.ActiveCfg = Release|Any CPU
		{20B65317-DE86-479D-85D4-E5DA27B4C7FB}.Release|Any CPU.Build.0 = Release|Any CPU
		{261E5B1D-8062-44CC-8889-972F49D5580C}.Debug|Any CPU.ActiveCfg = Debug|Any CPU
		{261E5B1D-8062-44CC-8889-972F49D5580C}.Debug|Any CPU.Build.0 = Debug|Any CPU
		{261E5B1D-8062-44CC-8889-972F49D5580C}.Release|Any CPU.ActiveCfg = Release|Any CPU
		{261E5B1D-8062-44CC-8889-972F49D5580C}.Release|Any CPU.Build.0 = Release|Any CPU
	EndGlobalSection
	GlobalSection(SolutionProperties) = preSolution
		HideSolutionNode = FALSE
	EndGlobalSection
	GlobalSection(ExtensibilityGlobals) = postSolution
		SolutionGuid = {103F8873-7FA5-4ECF-8347-BBB6A226D9A5}
	EndGlobalSection
EndGlobal
